// !$*UTF8*$!
{
	archiveVersion = 1;
	classes = {
	};
	objectVersion = 52;
	objects = {

/* Begin PBXBuildFile section */
		20E002BA2A13F27300B99D7B /* QiscusRealtime.xcframework in Frameworks */ = {isa = PBXBuildFile; fileRef = 20E002B02A13EB9600B99D7B /* QiscusRealtime.xcframework */; };
		20E002BB2A13F27300B99D7B /* QiscusRealtime.xcframework in Embed Frameworks */ = {isa = PBXBuildFile; fileRef = 20E002B02A13EB9600B99D7B /* QiscusRealtime.xcframework */; settings = {ATTRIBUTES = (CodeSignOnCopy, RemoveHeadersOnCopy, ); }; };
		20E002BC2A13F27400B99D7B /* CocoaMQTT.xcframework in Frameworks */ = {isa = PBXBuildFile; fileRef = 20E002AD2A13EB9500B99D7B /* CocoaMQTT.xcframework */; };
		20E002BD2A13F27400B99D7B /* CocoaMQTT.xcframework in Embed Frameworks */ = {isa = PBXBuildFile; fileRef = 20E002AD2A13EB9500B99D7B /* CocoaMQTT.xcframework */; settings = {ATTRIBUTES = (CodeSignOnCopy, RemoveHeadersOnCopy, ); }; };
		20E002BE2A13F27400B99D7B /* Starscream.xcframework in Frameworks */ = {isa = PBXBuildFile; fileRef = 20E002AE2A13EB9500B99D7B /* Starscream.xcframework */; };
		20E002BF2A13F27400B99D7B /* Starscream.xcframework in Embed Frameworks */ = {isa = PBXBuildFile; fileRef = 20E002AE2A13EB9500B99D7B /* Starscream.xcframework */; settings = {ATTRIBUTES = (CodeSignOnCopy, RemoveHeadersOnCopy, ); }; };
		20E002C02A13F27400B99D7B /* MqttCocoaAsyncSocket.xcframework in Frameworks */ = {isa = PBXBuildFile; fileRef = 20E002AF2A13EB9500B99D7B /* MqttCocoaAsyncSocket.xcframework */; };
		20E002C12A13F27400B99D7B /* MqttCocoaAsyncSocket.xcframework in Embed Frameworks */ = {isa = PBXBuildFile; fileRef = 20E002AF2A13EB9500B99D7B /* MqttCocoaAsyncSocket.xcframework */; settings = {ATTRIBUTES = (CodeSignOnCopy, RemoveHeadersOnCopy, ); }; };
		20E002C52A13F27400B99D7B /* SwiftyJSON.xcframework in Frameworks */ = {isa = PBXBuildFile; fileRef = 20E002C32A13F27400B99D7B /* SwiftyJSON.xcframework */; };
		20E002C62A13F27400B99D7B /* SwiftyJSON.xcframework in Embed Frameworks */ = {isa = PBXBuildFile; fileRef = 20E002C32A13F27400B99D7B /* SwiftyJSON.xcframework */; settings = {ATTRIBUTES = (CodeSignOnCopy, RemoveHeadersOnCopy, ); }; };
		20E002C72A13F27400B99D7B /* QiscusCore.xcframework in Frameworks */ = {isa = PBXBuildFile; fileRef = 20E002C42A13F27400B99D7B /* QiscusCore.xcframework */; };
		20E002C82A13F27400B99D7B /* QiscusCore.xcframework in Embed Frameworks */ = {isa = PBXBuildFile; fileRef = 20E002C42A13F27400B99D7B /* QiscusCore.xcframework */; settings = {ATTRIBUTES = (CodeSignOnCopy, RemoveHeadersOnCopy, ); }; };
		3D5E861524BDC3E10061D7E4 /* AppDelegate.swift in Sources */ = {isa = PBXBuildFile; fileRef = 3D5E861424BDC3E10061D7E4 /* AppDelegate.swift */; };
		3D5E861724BDC3E10061D7E4 /* SceneDelegate.swift in Sources */ = {isa = PBXBuildFile; fileRef = 3D5E861624BDC3E10061D7E4 /* SceneDelegate.swift */; };
		3D5E861924BDC3E10061D7E4 /* ViewController.swift in Sources */ = {isa = PBXBuildFile; fileRef = 3D5E861824BDC3E10061D7E4 /* ViewController.swift */; };
		3D5E861C24BDC3E10061D7E4 /* Main.storyboard in Resources */ = {isa = PBXBuildFile; fileRef = 3D5E861A24BDC3E10061D7E4 /* Main.storyboard */; };
		3D5E861E24BDC3E50061D7E4 /* Assets.xcassets in Resources */ = {isa = PBXBuildFile; fileRef = 3D5E861D24BDC3E50061D7E4 /* Assets.xcassets */; };
		3D5E862124BDC3E50061D7E4 /* LaunchScreen.storyboard in Resources */ = {isa = PBXBuildFile; fileRef = 3D5E861F24BDC3E50061D7E4 /* LaunchScreen.storyboard */; };
/* End PBXBuildFile section */

/* Begin PBXCopyFilesBuildPhase section */
		20E002C22A13F27400B99D7B /* Embed Frameworks */ = {
			isa = PBXCopyFilesBuildPhase;
			buildActionMask = 2147483647;
			dstPath = "";
			dstSubfolderSpec = 10;
			files = (
				20E002C62A13F27400B99D7B /* SwiftyJSON.xcframework in Embed Frameworks */,
				20E002BB2A13F27300B99D7B /* QiscusRealtime.xcframework in Embed Frameworks */,
				20E002BF2A13F27400B99D7B /* Starscream.xcframework in Embed Frameworks */,
				20E002C12A13F27400B99D7B /* MqttCocoaAsyncSocket.xcframework in Embed Frameworks */,
				20E002C82A13F27400B99D7B /* QiscusCore.xcframework in Embed Frameworks */,
				20E002BD2A13F27400B99D7B /* CocoaMQTT.xcframework in Embed Frameworks */,
			);
			name = "Embed Frameworks";
			runOnlyForDeploymentPostprocessing = 0;
		};
/* End PBXCopyFilesBuildPhase section */

/* Begin PBXFileReference section */
		20E002AD2A13EB9500B99D7B /* CocoaMQTT.xcframework */ = {isa = PBXFileReference; lastKnownFileType = wrapper.xcframework; name = CocoaMQTT.xcframework; path = Carthage/Build/CocoaMQTT.xcframework; sourceTree = "<group>"; };
		20E002AE2A13EB9500B99D7B /* Starscream.xcframework */ = {isa = PBXFileReference; lastKnownFileType = wrapper.xcframework; name = Starscream.xcframework; path = Carthage/Build/Starscream.xcframework; sourceTree = "<group>"; };
		20E002AF2A13EB9500B99D7B /* MqttCocoaAsyncSocket.xcframework */ = {isa = PBXFileReference; lastKnownFileType = wrapper.xcframework; name = MqttCocoaAsyncSocket.xcframework; path = Carthage/Build/MqttCocoaAsyncSocket.xcframework; sourceTree = "<group>"; };
		20E002B02A13EB9600B99D7B /* QiscusRealtime.xcframework */ = {isa = PBXFileReference; lastKnownFileType = wrapper.xcframework; name = QiscusRealtime.xcframework; path = Carthage/Build/QiscusRealtime.xcframework; sourceTree = "<group>"; };
		20E002C32A13F27400B99D7B /* SwiftyJSON.xcframework */ = {isa = PBXFileReference; lastKnownFileType = wrapper.xcframework; name = SwiftyJSON.xcframework; path = Carthage/Build/SwiftyJSON.xcframework; sourceTree = "<group>"; };
		20E002C42A13F27400B99D7B /* QiscusCore.xcframework */ = {isa = PBXFileReference; lastKnownFileType = wrapper.xcframework; name = QiscusCore.xcframework; path = Carthage/Build/QiscusCore.xcframework; sourceTree = "<group>"; };
		3D1AC05E24BED7130040F736 /* QiscusDatabase.framework */ = {isa = PBXFileReference; lastKnownFileType = wrapper.framework; name = QiscusDatabase.framework; path = ../../QiscusDatabase.framework; sourceTree = "<group>"; };
		3D5E861124BDC3E10061D7E4 /* Example.app */ = {isa = PBXFileReference; explicitFileType = wrapper.application; includeInIndex = 0; path = Example.app; sourceTree = BUILT_PRODUCTS_DIR; };
		3D5E861424BDC3E10061D7E4 /* AppDelegate.swift */ = {isa = PBXFileReference; lastKnownFileType = sourcecode.swift; path = AppDelegate.swift; sourceTree = "<group>"; };
		3D5E861624BDC3E10061D7E4 /* SceneDelegate.swift */ = {isa = PBXFileReference; lastKnownFileType = sourcecode.swift; path = SceneDelegate.swift; sourceTree = "<group>"; };
		3D5E861824BDC3E10061D7E4 /* ViewController.swift */ = {isa = PBXFileReference; lastKnownFileType = sourcecode.swift; path = ViewController.swift; sourceTree = "<group>"; };
		3D5E861B24BDC3E10061D7E4 /* Base */ = {isa = PBXFileReference; lastKnownFileType = file.storyboard; name = Base; path = Base.lproj/Main.storyboard; sourceTree = "<group>"; };
		3D5E861D24BDC3E50061D7E4 /* Assets.xcassets */ = {isa = PBXFileReference; lastKnownFileType = folder.assetcatalog; path = Assets.xcassets; sourceTree = "<group>"; };
		3D5E862024BDC3E50061D7E4 /* Base */ = {isa = PBXFileReference; lastKnownFileType = file.storyboard; name = Base; path = Base.lproj/LaunchScreen.storyboard; sourceTree = "<group>"; };
		3D5E862224BDC3E50061D7E4 /* Info.plist */ = {isa = PBXFileReference; lastKnownFileType = text.plist.xml; path = Info.plist; sourceTree = "<group>"; };
/* End PBXFileReference section */

/* Begin PBXFrameworksBuildPhase section */
		3D5E860E24BDC3E10061D7E4 /* Frameworks */ = {
			isa = PBXFrameworksBuildPhase;
			buildActionMask = 2147483647;
			files = (
				20E002C52A13F27400B99D7B /* SwiftyJSON.xcframework in Frameworks */,
				20E002BA2A13F27300B99D7B /* QiscusRealtime.xcframework in Frameworks */,
				20E002BE2A13F27400B99D7B /* Starscream.xcframework in Frameworks */,
				20E002C02A13F27400B99D7B /* MqttCocoaAsyncSocket.xcframework in Frameworks */,
				20E002C72A13F27400B99D7B /* QiscusCore.xcframework in Frameworks */,
				20E002BC2A13F27400B99D7B /* CocoaMQTT.xcframework in Frameworks */,
			);
			runOnlyForDeploymentPostprocessing = 0;
		};
/* End PBXFrameworksBuildPhase section */

/* Begin PBXGroup section */
		3D5E860824BDC3E10061D7E4 = {
			isa = PBXGroup;
			children = (
				3D5E861324BDC3E10061D7E4 /* Example */,
				3D5E861224BDC3E10061D7E4 /* Products */,
				3D5E865A24BDF6FC0061D7E4 /* Frameworks */,
			);
			sourceTree = "<group>";
		};
		3D5E861224BDC3E10061D7E4 /* Products */ = {
			isa = PBXGroup;
			children = (
				3D5E861124BDC3E10061D7E4 /* Example.app */,
			);
			name = Products;
			sourceTree = "<group>";
		};
		3D5E861324BDC3E10061D7E4 /* Example */ = {
			isa = PBXGroup;
			children = (
				3D5E861424BDC3E10061D7E4 /* AppDelegate.swift */,
				3D5E861624BDC3E10061D7E4 /* SceneDelegate.swift */,
				3D5E861824BDC3E10061D7E4 /* ViewController.swift */,
				3D5E861A24BDC3E10061D7E4 /* Main.storyboard */,
				3D5E861D24BDC3E50061D7E4 /* Assets.xcassets */,
				3D5E861F24BDC3E50061D7E4 /* LaunchScreen.storyboard */,
				3D5E862224BDC3E50061D7E4 /* Info.plist */,
			);
			path = Example;
			sourceTree = "<group>";
		};
		3D5E865A24BDF6FC0061D7E4 /* Frameworks */ = {
			isa = PBXGroup;
			children = (
				20E002C42A13F27400B99D7B /* QiscusCore.xcframework */,
				20E002C32A13F27400B99D7B /* SwiftyJSON.xcframework */,
				20E002AD2A13EB9500B99D7B /* CocoaMQTT.xcframework */,
				20E002AF2A13EB9500B99D7B /* MqttCocoaAsyncSocket.xcframework */,
				20E002B02A13EB9600B99D7B /* QiscusRealtime.xcframework */,
				20E002AE2A13EB9500B99D7B /* Starscream.xcframework */,
				3D1AC05E24BED7130040F736 /* QiscusDatabase.framework */,
			);
			name = Frameworks;
			sourceTree = "<group>";
		};
/* End PBXGroup section */

/* Begin PBXNativeTarget section */
		3D5E861024BDC3E10061D7E4 /* Example */ = {
			isa = PBXNativeTarget;
			buildConfigurationList = 3D5E862524BDC3E50061D7E4 /* Build configuration list for PBXNativeTarget "Example" */;
			buildPhases = (
				3D5E860D24BDC3E10061D7E4 /* Sources */,
				3D5E860E24BDC3E10061D7E4 /* Frameworks */,
				3D5E860F24BDC3E10061D7E4 /* Resources */,
				3D5E866E24BDF70E0061D7E4 /* ShellScript */,
				20E002C22A13F27400B99D7B /* Embed Frameworks */,
			);
			buildRules = (
			);
			dependencies = (
			);
			name = Example;
			productName = Example;
			productReference = 3D5E861124BDC3E10061D7E4 /* Example.app */;
			productType = "com.apple.product-type.application";
		};
/* End PBXNativeTarget section */

/* Begin PBXProject section */
		3D5E860924BDC3E10061D7E4 /* Project object */ = {
			isa = PBXProject;
			attributes = {
				LastSwiftUpdateCheck = 1150;
				LastUpgradeCheck = 1330;
				ORGANIZATIONNAME = Qiscus;
				TargetAttributes = {
					3D5E861024BDC3E10061D7E4 = {
						CreatedOnToolsVersion = 11.5;
					};
				};
			};
			buildConfigurationList = 3D5E860C24BDC3E10061D7E4 /* Build configuration list for PBXProject "Example" */;
			compatibilityVersion = "Xcode 9.3";
			developmentRegion = en;
			hasScannedForEncodings = 0;
			knownRegions = (
				en,
				Base,
			);
			mainGroup = 3D5E860824BDC3E10061D7E4;
			productRefGroup = 3D5E861224BDC3E10061D7E4 /* Products */;
			projectDirPath = "";
			projectRoot = "";
			targets = (
				3D5E861024BDC3E10061D7E4 /* Example */,
			);
		};
/* End PBXProject section */

/* Begin PBXResourcesBuildPhase section */
		3D5E860F24BDC3E10061D7E4 /* Resources */ = {
			isa = PBXResourcesBuildPhase;
			buildActionMask = 2147483647;
			files = (
				3D5E862124BDC3E50061D7E4 /* LaunchScreen.storyboard in Resources */,
				3D5E861E24BDC3E50061D7E4 /* Assets.xcassets in Resources */,
				3D5E861C24BDC3E10061D7E4 /* Main.storyboard in Resources */,
			);
			runOnlyForDeploymentPostprocessing = 0;
		};
/* End PBXResourcesBuildPhase section */

/* Begin PBXShellScriptBuildPhase section */
		3D5E866E24BDF70E0061D7E4 /* ShellScript */ = {
			isa = PBXShellScriptBuildPhase;
			buildActionMask = 8;
			files = (
			);
			inputFileListPaths = (
			);
			inputPaths = (
				"$(SRCROOT)/Carthage/Build/iOS/QiscusCore.framework",
			);
			outputFileListPaths = (
			);
			outputPaths = (
			);
			runOnlyForDeploymentPostprocessing = 1;
			shellPath = /bin/sh;
			shellScript = "/usr/local/bin/carthage copy-frameworks\n";
		};
/* End PBXShellScriptBuildPhase section */

/* Begin PBXSourcesBuildPhase section */
		3D5E860D24BDC3E10061D7E4 /* Sources */ = {
			isa = PBXSourcesBuildPhase;
			buildActionMask = 2147483647;
			files = (
				3D5E861924BDC3E10061D7E4 /* ViewController.swift in Sources */,
				3D5E861524BDC3E10061D7E4 /* AppDelegate.swift in Sources */,
				3D5E861724BDC3E10061D7E4 /* SceneDelegate.swift in Sources */,
			);
			runOnlyForDeploymentPostprocessing = 0;
		};
/* End PBXSourcesBuildPhase section */

/* Begin PBXVariantGroup section */
		3D5E861A24BDC3E10061D7E4 /* Main.storyboard */ = {
			isa = PBXVariantGroup;
			children = (
				3D5E861B24BDC3E10061D7E4 /* Base */,
			);
			name = Main.storyboard;
			sourceTree = "<group>";
		};
		3D5E861F24BDC3E50061D7E4 /* LaunchScreen.storyboard */ = {
			isa = PBXVariantGroup;
			children = (
				3D5E862024BDC3E50061D7E4 /* Base */,
			);
			name = LaunchScreen.storyboard;
			sourceTree = "<group>";
		};
/* End PBXVariantGroup section */

/* Begin XCBuildConfiguration section */
		3D5E862324BDC3E50061D7E4 /* Debug */ = {
			isa = XCBuildConfiguration;
			buildSettings = {
				ALWAYS_SEARCH_USER_PATHS = NO;
				CLANG_ANALYZER_NONNULL = YES;
				CLANG_ANALYZER_NUMBER_OBJECT_CONVERSION = YES_AGGRESSIVE;
				CLANG_CXX_LANGUAGE_STANDARD = "gnu++14";
				CLANG_CXX_LIBRARY = "libc++";
				CLANG_ENABLE_MODULES = YES;
				CLANG_ENABLE_OBJC_ARC = YES;
				CLANG_ENABLE_OBJC_WEAK = YES;
				CLANG_WARN_BLOCK_CAPTURE_AUTORELEASING = YES;
				CLANG_WARN_BOOL_CONVERSION = YES;
				CLANG_WARN_COMMA = YES;
				CLANG_WARN_CONSTANT_CONVERSION = YES;
				CLANG_WARN_DEPRECATED_OBJC_IMPLEMENTATIONS = YES;
				CLANG_WARN_DIRECT_OBJC_ISA_USAGE = YES_ERROR;
				CLANG_WARN_DOCUMENTATION_COMMENTS = YES;
				CLANG_WARN_EMPTY_BODY = YES;
				CLANG_WARN_ENUM_CONVERSION = YES;
				CLANG_WARN_INFINITE_RECURSION = YES;
				CLANG_WARN_INT_CONVERSION = YES;
				CLANG_WARN_NON_LITERAL_NULL_CONVERSION = YES;
				CLANG_WARN_OBJC_IMPLICIT_RETAIN_SELF = YES;
				CLANG_WARN_OBJC_LITERAL_CONVERSION = YES;
				CLANG_WARN_OBJC_ROOT_CLASS = YES_ERROR;
				CLANG_WARN_QUOTED_INCLUDE_IN_FRAMEWORK_HEADER = YES;
				CLANG_WARN_RANGE_LOOP_ANALYSIS = YES;
				CLANG_WARN_STRICT_PROTOTYPES = YES;
				CLANG_WARN_SUSPICIOUS_MOVE = YES;
				CLANG_WARN_UNGUARDED_AVAILABILITY = YES_AGGRESSIVE;
				CLANG_WARN_UNREACHABLE_CODE = YES;
				CLANG_WARN__DUPLICATE_METHOD_MATCH = YES;
				COPY_PHASE_STRIP = NO;
				DEBUG_INFORMATION_FORMAT = dwarf;
				ENABLE_STRICT_OBJC_MSGSEND = YES;
				ENABLE_TESTABILITY = YES;
				GCC_C_LANGUAGE_STANDARD = gnu11;
				GCC_DYNAMIC_NO_PIC = NO;
				GCC_NO_COMMON_BLOCKS = YES;
				GCC_OPTIMIZATION_LEVEL = 0;
				GCC_PREPROCESSOR_DEFINITIONS = (
					"DEBUG=1",
					"$(inherited)",
				);
				GCC_WARN_64_TO_32_BIT_CONVERSION = YES;
				GCC_WARN_ABOUT_RETURN_TYPE = YES_ERROR;
				GCC_WARN_UNDECLARED_SELECTOR = YES;
				GCC_WARN_UNINITIALIZED_AUTOS = YES_AGGRESSIVE;
				GCC_WARN_UNUSED_FUNCTION = YES;
				GCC_WARN_UNUSED_VARIABLE = YES;
				IPHONEOS_DEPLOYMENT_TARGET = 13.5;
				MTL_ENABLE_DEBUG_INFO = INCLUDE_SOURCE;
				MTL_FAST_MATH = YES;
				ONLY_ACTIVE_ARCH = YES;
				SDKROOT = iphoneos;
				SWIFT_ACTIVE_COMPILATION_CONDITIONS = DEBUG;
				SWIFT_OPTIMIZATION_LEVEL = "-Onone";
			};
			name = Debug;
		};
		3D5E862424BDC3E50061D7E4 /* Release */ = {
			isa = XCBuildConfiguration;
			buildSettings = {
				ALWAYS_SEARCH_USER_PATHS = NO;
				CLANG_ANALYZER_NONNULL = YES;
				CLANG_ANALYZER_NUMBER_OBJECT_CONVERSION = YES_AGGRESSIVE;
				CLANG_CXX_LANGUAGE_STANDARD = "gnu++14";
				CLANG_CXX_LIBRARY = "libc++";
				CLANG_ENABLE_MODULES = YES;
				CLANG_ENABLE_OBJC_ARC = YES;
				CLANG_ENABLE_OBJC_WEAK = YES;
				CLANG_WARN_BLOCK_CAPTURE_AUTORELEASING = YES;
				CLANG_WARN_BOOL_CONVERSION = YES;
				CLANG_WARN_COMMA = YES;
				CLANG_WARN_CONSTANT_CONVERSION = YES;
				CLANG_WARN_DEPRECATED_OBJC_IMPLEMENTATIONS = YES;
				CLANG_WARN_DIRECT_OBJC_ISA_USAGE = YES_ERROR;
				CLANG_WARN_DOCUMENTATION_COMMENTS = YES;
				CLANG_WARN_EMPTY_BODY = YES;
				CLANG_WARN_ENUM_CONVERSION = YES;
				CLANG_WARN_INFINITE_RECURSION = YES;
				CLANG_WARN_INT_CONVERSION = YES;
				CLANG_WARN_NON_LITERAL_NULL_CONVERSION = YES;
				CLANG_WARN_OBJC_IMPLICIT_RETAIN_SELF = YES;
				CLANG_WARN_OBJC_LITERAL_CONVERSION = YES;
				CLANG_WARN_OBJC_ROOT_CLASS = YES_ERROR;
				CLANG_WARN_QUOTED_INCLUDE_IN_FRAMEWORK_HEADER = YES;
				CLANG_WARN_RANGE_LOOP_ANALYSIS = YES;
				CLANG_WARN_STRICT_PROTOTYPES = YES;
				CLANG_WARN_SUSPICIOUS_MOVE = YES;
				CLANG_WARN_UNGUARDED_AVAILABILITY = YES_AGGRESSIVE;
				CLANG_WARN_UNREACHABLE_CODE = YES;
				CLANG_WARN__DUPLICATE_METHOD_MATCH = YES;
				COPY_PHASE_STRIP = NO;
				DEBUG_INFORMATION_FORMAT = "dwarf-with-dsym";
				ENABLE_NS_ASSERTIONS = NO;
				ENABLE_STRICT_OBJC_MSGSEND = YES;
				GCC_C_LANGUAGE_STANDARD = gnu11;
				GCC_NO_COMMON_BLOCKS = YES;
				GCC_WARN_64_TO_32_BIT_CONVERSION = YES;
				GCC_WARN_ABOUT_RETURN_TYPE = YES_ERROR;
				GCC_WARN_UNDECLARED_SELECTOR = YES;
				GCC_WARN_UNINITIALIZED_AUTOS = YES_AGGRESSIVE;
				GCC_WARN_UNUSED_FUNCTION = YES;
				GCC_WARN_UNUSED_VARIABLE = YES;
				IPHONEOS_DEPLOYMENT_TARGET = 13.5;
				MTL_ENABLE_DEBUG_INFO = NO;
				MTL_FAST_MATH = YES;
				SDKROOT = iphoneos;
				SWIFT_COMPILATION_MODE = wholemodule;
				SWIFT_OPTIMIZATION_LEVEL = "-O";
				VALIDATE_PRODUCT = YES;
			};
			name = Release;
		};
		3D5E862624BDC3E50061D7E4 /* Debug */ = {
			isa = XCBuildConfiguration;
			buildSettings = {
				ASSETCATALOG_COMPILER_APPICON_NAME = AppIcon;
				CODE_SIGN_STYLE = Automatic;
				DEVELOPMENT_ASSET_PATHS = "";
				DEVELOPMENT_TEAM = QG8KA4P8TE;
				FRAMEWORK_SEARCH_PATHS = (
					"$(inherited)",
					"$(PROJECT_DIR)/Carthage/Build/iOS",
				);
				INFOPLIST_FILE = Example/Info.plist;
				IPHONEOS_DEPLOYMENT_TARGET = 13.1;
				LD_RUNPATH_SEARCH_PATHS = (
					"$(inherited)",
					"@executable_path/Frameworks",
				);
				PRODUCT_BUNDLE_IDENTIFIER = com.qiscus.Example;
				PRODUCT_NAME = "$(TARGET_NAME)";
				SWIFT_VERSION = 5.0;
				TARGETED_DEVICE_FAMILY = "1,2";
			};
			name = Debug;
		};
		3D5E862724BDC3E50061D7E4 /* Release */ = {
			isa = XCBuildConfiguration;
			buildSettings = {
				ASSETCATALOG_COMPILER_APPICON_NAME = AppIcon;
				CODE_SIGN_STYLE = Automatic;
				DEVELOPMENT_ASSET_PATHS = "";
				DEVELOPMENT_TEAM = QG8KA4P8TE;
				FRAMEWORK_SEARCH_PATHS = (
					"$(inherited)",
					"$(PROJECT_DIR)/Carthage/Build/iOS",
				);
				INFOPLIST_FILE = Example/Info.plist;
				IPHONEOS_DEPLOYMENT_TARGET = 13.1;
				LD_RUNPATH_SEARCH_PATHS = (
					"$(inherited)",
					"@executable_path/Frameworks",
				);
				PRODUCT_BUNDLE_IDENTIFIER = com.qiscus.Example;
				PRODUCT_NAME = "$(TARGET_NAME)";
				SWIFT_VERSION = 5.0;
				TARGETED_DEVICE_FAMILY = "1,2";
			};
			name = Release;
		};
/* End XCBuildConfiguration section */

/* Begin XCConfigurationList section */
		3D5E860C24BDC3E10061D7E4 /* Build configuration list for PBXProject "Example" */ = {
			isa = XCConfigurationList;
			buildConfigurations = (
				3D5E862324BDC3E50061D7E4 /* Debug */,
				3D5E862424BDC3E50061D7E4 /* Release */,
			);
			defaultConfigurationIsVisible = 0;
			defaultConfigurationName = Release;
		};
		3D5E862524BDC3E50061D7E4 /* Build configuration list for PBXNativeTarget "Example" */ = {
			isa = XCConfigurationList;
			buildConfigurations = (
				3D5E862624BDC3E50061D7E4 /* Debug */,
				3D5E862724BDC3E50061D7E4 /* Release */,
			);
			defaultConfigurationIsVisible = 0;
			defaultConfigurationName = Release;
		};
/* End XCConfigurationList section */
	};
	rootObject = 3D5E860924BDC3E10061D7E4 /* Project object */;
}
