// !$*UTF8*$!
{
	archiveVersion = 1;
	classes = {
	};
	objectVersion = 50;
	objects = {

/* Begin PBXBuildFile section */
		3DDF12B521330B5A00E15B36 /* AppDelegate.swift in Sources */ = {isa = PBXBuildFile; fileRef = 3DDF12B421330B5A00E15B36 /* AppDelegate.swift */; };
		3DDF12B721330B5A00E15B36 /* ViewController.swift in Sources */ = {isa = PBXBuildFile; fileRef = 3DDF12B621330B5A00E15B36 /* ViewController.swift */; };
		3DDF12BA21330B5A00E15B36 /* Main.storyboard in Resources */ = {isa = PBXBuildFile; fileRef = 3DDF12B821330B5A00E15B36 /* Main.storyboard */; };
		3DDF12BC21330B5E00E15B36 /* Assets.xcassets in Resources */ = {isa = PBXBuildFile; fileRef = 3DDF12BB21330B5E00E15B36 /* Assets.xcassets */; };
		3DDF12BF21330B5E00E15B36 /* LaunchScreen.storyboard in Resources */ = {isa = PBXBuildFile; fileRef = 3DDF12BD21330B5E00E15B36 /* LaunchScreen.storyboard */; };
		E730E74121F4C3AE8F562A29 /* Pods_sample.framework in Frameworks */ = {isa = PBXBuildFile; fileRef = AA87EB9973AE77E3C240F9E0 /* Pods_sample.framework */; };
/* End PBXBuildFile section */

/* Begin PBXFileReference section */
		3DDF12B121330B5900E15B36 /* sample.app */ = {isa = PBXFileReference; explicitFileType = wrapper.application; includeInIndex = 0; path = sample.app; sourceTree = BUILT_PRODUCTS_DIR; };
		3DDF12B421330B5A00E15B36 /* AppDelegate.swift */ = {isa = PBXFileReference; lastKnownFileType = sourcecode.swift; path = AppDelegate.swift; sourceTree = "<group>"; };
		3DDF12B621330B5A00E15B36 /* ViewController.swift */ = {isa = PBXFileReference; lastKnownFileType = sourcecode.swift; path = ViewController.swift; sourceTree = "<group>"; };
		3DDF12B921330B5A00E15B36 /* Base */ = {isa = PBXFileReference; lastKnownFileType = file.storyboard; name = Base; path = Base.lproj/Main.storyboard; sourceTree = "<group>"; };
		3DDF12BB21330B5E00E15B36 /* Assets.xcassets */ = {isa = PBXFileReference; lastKnownFileType = folder.assetcatalog; path = Assets.xcassets; sourceTree = "<group>"; };
		3DDF12BE21330B5E00E15B36 /* Base */ = {isa = PBXFileReference; lastKnownFileType = file.storyboard; name = Base; path = Base.lproj/LaunchScreen.storyboard; sourceTree = "<group>"; };
		3DDF12C021330B5E00E15B36 /* Info.plist */ = {isa = PBXFileReference; lastKnownFileType = text.plist.xml; path = Info.plist; sourceTree = "<group>"; };
		5FDDCFEA0AD387BA1D412DF2 /* Pods-sample.release.xcconfig */ = {isa = PBXFileReference; includeInIndex = 1; lastKnownFileType = text.xcconfig; name = "Pods-sample.release.xcconfig"; path = "Pods/Target Support Files/Pods-sample/Pods-sample.release.xcconfig"; sourceTree = "<group>"; };
		AA87EB9973AE77E3C240F9E0 /* Pods_sample.framework */ = {isa = PBXFileReference; explicitFileType = wrapper.framework; includeInIndex = 0; path = Pods_sample.framework; sourceTree = BUILT_PRODUCTS_DIR; };
		BA3CE82D2572817A7F35F7CF /* Pods-sample.debug.xcconfig */ = {isa = PBXFileReference; includeInIndex = 1; lastKnownFileType = text.xcconfig; name = "Pods-sample.debug.xcconfig"; path = "Pods/Target Support Files/Pods-sample/Pods-sample.debug.xcconfig"; sourceTree = "<group>"; };
/* End PBXFileReference section */

/* Begin PBXFrameworksBuildPhase section */
		3DDF12AE21330B5900E15B36 /* Frameworks */ = {
			isa = PBXFrameworksBuildPhase;
			buildActionMask = 2147483647;
			files = (
				E730E74121F4C3AE8F562A29 /* Pods_sample.framework in Frameworks */,
			);
			runOnlyForDeploymentPostprocessing = 0;
		};
/* End PBXFrameworksBuildPhase section */

/* Begin PBXGroup section */
		3DDF12A821330B5900E15B36 = {
			isa = PBXGroup;
			children = (
				3DDF12B321330B5900E15B36 /* sample */,
				3DDF12B221330B5900E15B36 /* Products */,
				B51A9CDD82A1549A8AC224C2 /* Pods */,
				EF4F24445EC88F1B87E95A78 /* Frameworks */,
			);
			sourceTree = "<group>";
		};
		3DDF12B221330B5900E15B36 /* Products */ = {
			isa = PBXGroup;
			children = (
				3DDF12B121330B5900E15B36 /* sample.app */,
			);
			name = Products;
			sourceTree = "<group>";
		};
		3DDF12B321330B5900E15B36 /* sample */ = {
			isa = PBXGroup;
			children = (
				3DDF12B421330B5A00E15B36 /* AppDelegate.swift */,
				3DDF12B621330B5A00E15B36 /* ViewController.swift */,
				3DDF12B821330B5A00E15B36 /* Main.storyboard */,
				3DDF12BB21330B5E00E15B36 /* Assets.xcassets */,
				3DDF12BD21330B5E00E15B36 /* LaunchScreen.storyboard */,
				3DDF12C021330B5E00E15B36 /* Info.plist */,
			);
			path = sample;
			sourceTree = "<group>";
		};
		B51A9CDD82A1549A8AC224C2 /* Pods */ = {
			isa = PBXGroup;
			children = (
				BA3CE82D2572817A7F35F7CF /* Pods-sample.debug.xcconfig */,
				5FDDCFEA0AD387BA1D412DF2 /* Pods-sample.release.xcconfig */,
			);
			name = Pods;
			sourceTree = "<group>";
		};
		EF4F24445EC88F1B87E95A78 /* Frameworks */ = {
			isa = PBXGroup;
			children = (
				AA87EB9973AE77E3C240F9E0 /* Pods_sample.framework */,
			);
			name = Frameworks;
			sourceTree = "<group>";
		};
/* End PBXGroup section */

/* Begin PBXNativeTarget section */
		3DDF12B021330B5900E15B36 /* sample */ = {
			isa = PBXNativeTarget;
			buildConfigurationList = 3DDF12C321330B5E00E15B36 /* Build configuration list for PBXNativeTarget "sample" */;
			buildPhases = (
				3D2E638E31FC33A9F5FD7D0D /* [CP] Check Pods Manifest.lock */,
				3DDF12AD21330B5900E15B36 /* Sources */,
				3DDF12AE21330B5900E15B36 /* Frameworks */,
				3DDF12AF21330B5900E15B36 /* Resources */,
				9AE327E94F748631D5AE6E5E /* [CP] Embed Pods Frameworks */,
			);
			buildRules = (
			);
			dependencies = (
			);
			name = sample;
			productName = sample;
			productReference = 3DDF12B121330B5900E15B36 /* sample.app */;
			productType = "com.apple.product-type.application";
		};
/* End PBXNativeTarget section */

/* Begin PBXProject section */
		3DDF12A921330B5900E15B36 /* Project object */ = {
			isa = PBXProject;
			attributes = {
				LastSwiftUpdateCheck = 0940;
				LastUpgradeCheck = 0940;
				ORGANIZATIONNAME = Qiscus;
				TargetAttributes = {
					3DDF12B021330B5900E15B36 = {
						CreatedOnToolsVersion = 9.4.1;
					};
				};
			};
			buildConfigurationList = 3DDF12AC21330B5900E15B36 /* Build configuration list for PBXProject "sample" */;
			compatibilityVersion = "Xcode 9.3";
			developmentRegion = en;
			hasScannedForEncodings = 0;
			knownRegions = (
				en,
				Base,
			);
			mainGroup = 3DDF12A821330B5900E15B36;
			productRefGroup = 3DDF12B221330B5900E15B36 /* Products */;
			projectDirPath = "";
			projectRoot = "";
			targets = (
				3DDF12B021330B5900E15B36 /* sample */,
			);
		};
/* End PBXProject section */

/* Begin PBXResourcesBuildPhase section */
		3DDF12AF21330B5900E15B36 /* Resources */ = {
			isa = PBXResourcesBuildPhase;
			buildActionMask = 2147483647;
			files = (
				3DDF12BF21330B5E00E15B36 /* LaunchScreen.storyboard in Resources */,
				3DDF12BC21330B5E00E15B36 /* Assets.xcassets in Resources */,
				3DDF12BA21330B5A00E15B36 /* Main.storyboard in Resources */,
			);
			runOnlyForDeploymentPostprocessing = 0;
		};
/* End PBXResourcesBuildPhase section */

/* Begin PBXShellScriptBuildPhase section */
		3D2E638E31FC33A9F5FD7D0D /* [CP] Check Pods Manifest.lock */ = {
			isa = PBXShellScriptBuildPhase;
			buildActionMask = 2147483647;
			files = (
			);
			inputPaths = (
				"${PODS_PODFILE_DIR_PATH}/Podfile.lock",
				"${PODS_ROOT}/Manifest.lock",
			);
			name = "[CP] Check Pods Manifest.lock";
			outputPaths = (
				"$(DERIVED_FILE_DIR)/Pods-sample-checkManifestLockResult.txt",
			);
			runOnlyForDeploymentPostprocessing = 0;
			shellPath = /bin/sh;
			shellScript = "diff \"${PODS_PODFILE_DIR_PATH}/Podfile.lock\" \"${PODS_ROOT}/Manifest.lock\" > /dev/null\nif [ $? != 0 ] ; then\n    # print error to STDERR\n    echo \"error: The sandbox is not in sync with the Podfile.lock. Run 'pod install' or update your CocoaPods installation.\" >&2\n    exit 1\nfi\n# This output is used by Xcode 'outputs' to avoid re-running this script phase.\necho \"SUCCESS\" > \"${SCRIPT_OUTPUT_FILE_0}\"\n";
			showEnvVarsInLog = 0;
		};
		9AE327E94F748631D5AE6E5E /* [CP] Embed Pods Frameworks */ = {
			isa = PBXShellScriptBuildPhase;
			buildActionMask = 2147483647;
			files = (
			);
			inputPaths = (
				"${SRCROOT}/Pods/Target Support Files/Pods-sample/Pods-sample-frameworks.sh",
				"${BUILT_PRODUCTS_DIR}/CocoaAsyncSocket/CocoaAsyncSocket.framework",
				"${BUILT_PRODUCTS_DIR}/CocoaMQTT/CocoaMQTT.framework",
				"${PODS_ROOT}/../QiscusCore.framework",
				"${PODS_ROOT}/QiscusRealtime/QiscusRealtime.framework",
				"${BUILT_PRODUCTS_DIR}/SwiftyJSON/SwiftyJSON.framework",
				"${BUILT_PRODUCTS_DIR}/SwiftyTimer/SwiftyTimer.framework",
			);
			name = "[CP] Embed Pods Frameworks";
			outputPaths = (
				"${TARGET_BUILD_DIR}/${FRAMEWORKS_FOLDER_PATH}/CocoaAsyncSocket.framework",
				"${TARGET_BUILD_DIR}/${FRAMEWORKS_FOLDER_PATH}/CocoaMQTT.framework",
				"${TARGET_BUILD_DIR}/${FRAMEWORKS_FOLDER_PATH}/QiscusCore.framework",
				"${TARGET_BUILD_DIR}/${FRAMEWORKS_FOLDER_PATH}/QiscusRealtime.framework",
				"${TARGET_BUILD_DIR}/${FRAMEWORKS_FOLDER_PATH}/SwiftyJSON.framework",
				"${TARGET_BUILD_DIR}/${FRAMEWORKS_FOLDER_PATH}/SwiftyTimer.framework",
			);
			runOnlyForDeploymentPostprocessing = 0;
			shellPath = /bin/sh;
			shellScript = "\"${SRCROOT}/Pods/Target Support Files/Pods-sample/Pods-sample-frameworks.sh\"\n";
			showEnvVarsInLog = 0;
		};
/* End PBXShellScriptBuildPhase section */

/* Begin PBXSourcesBuildPhase section */
		3DDF12AD21330B5900E15B36 /* Sources */ = {
			isa = PBXSourcesBuildPhase;
			buildActionMask = 2147483647;
			files = (
				3DDF12B721330B5A00E15B36 /* ViewController.swift in Sources */,
				3DDF12B521330B5A00E15B36 /* AppDelegate.swift in Sources */,
			);
			runOnlyForDeploymentPostprocessing = 0;
		};
/* End PBXSourcesBuildPhase section */

/* Begin PBXVariantGroup section */
		3DDF12B821330B5A00E15B36 /* Main.storyboard */ = {
			isa = PBXVariantGroup;
			children = (
				3DDF12B921330B5A00E15B36 /* Base */,
			);
			name = Main.storyboard;
			sourceTree = "<group>";
		};
		3DDF12BD21330B5E00E15B36 /* LaunchScreen.storyboard */ = {
			isa = PBXVariantGroup;
			children = (
				3DDF12BE21330B5E00E15B36 /* Base */,
			);
			name = LaunchScreen.storyboard;
			sourceTree = "<group>";
		};
/* End PBXVariantGroup section */

/* Begin XCBuildConfiguration section */
		3DDF12C121330B5E00E15B36 /* Debug */ = {
			isa = XCBuildConfiguration;
			buildSettings = {
				ALWAYS_SEARCH_USER_PATHS = NO;
				CLANG_ANALYZER_NONNULL = YES;
				CLANG_ANALYZER_NUMBER_OBJECT_CONVERSION = YES_AGGRESSIVE;
				CLANG_CXX_LANGUAGE_STANDARD = "gnu++14";
				CLANG_CXX_LIBRARY = "libc++";
				CLANG_ENABLE_MODULES = YES;
				CLANG_ENABLE_OBJC_ARC = YES;
				CLANG_ENABLE_OBJC_WEAK = YES;
				CLANG_WARN_BLOCK_CAPTURE_AUTORELEASING = YES;
				CLANG_WARN_BOOL_CONVERSION = YES;
				CLANG_WARN_COMMA = YES;
				CLANG_WARN_CONSTANT_CONVERSION = YES;
				CLANG_WARN_DEPRECATED_OBJC_IMPLEMENTATIONS = YES;
				CLANG_WARN_DIRECT_OBJC_ISA_USAGE = YES_ERROR;
				CLANG_WARN_DOCUMENTATION_COMMENTS = YES;
				CLANG_WARN_EMPTY_BODY = YES;
				CLANG_WARN_ENUM_CONVERSION = YES;
				CLANG_WARN_INFINITE_RECURSION = YES;
				CLANG_WARN_INT_CONVERSION = YES;
				CLANG_WARN_NON_LITERAL_NULL_CONVERSION = YES;
				CLANG_WARN_OBJC_IMPLICIT_RETAIN_SELF = YES;
				CLANG_WARN_OBJC_LITERAL_CONVERSION = YES;
				CLANG_WARN_OBJC_ROOT_CLASS = YES_ERROR;
				CLANG_WARN_RANGE_LOOP_ANALYSIS = YES;
				CLANG_WARN_STRICT_PROTOTYPES = YES;
				CLANG_WARN_SUSPICIOUS_MOVE = YES;
				CLANG_WARN_UNGUARDED_AVAILABILITY = YES_AGGRESSIVE;
				CLANG_WARN_UNREACHABLE_CODE = YES;
				CLANG_WARN__DUPLICATE_METHOD_MATCH = YES;
				CODE_SIGN_IDENTITY = "iPhone Developer";
				COPY_PHASE_STRIP = NO;
				DEBUG_INFORMATION_FORMAT = dwarf;
				ENABLE_STRICT_OBJC_MSGSEND = YES;
				ENABLE_TESTABILITY = YES;
				GCC_C_LANGUAGE_STANDARD = gnu11;
				GCC_DYNAMIC_NO_PIC = NO;
				GCC_NO_COMMON_BLOCKS = YES;
				GCC_OPTIMIZATION_LEVEL = 0;
				GCC_PREPROCESSOR_DEFINITIONS = (
					"DEBUG=1",
					"$(inherited)",
				);
				GCC_WARN_64_TO_32_BIT_CONVERSION = YES;
				GCC_WARN_ABOUT_RETURN_TYPE = YES_ERROR;
				GCC_WARN_UNDECLARED_SELECTOR = YES;
				GCC_WARN_UNINITIALIZED_AUTOS = YES_AGGRESSIVE;
				GCC_WARN_UNUSED_FUNCTION = YES;
				GCC_WARN_UNUSED_VARIABLE = YES;
				IPHONEOS_DEPLOYMENT_TARGET = 11.4;
				MTL_ENABLE_DEBUG_INFO = YES;
				ONLY_ACTIVE_ARCH = YES;
				SDKROOT = iphoneos;
				SWIFT_ACTIVE_COMPILATION_CONDITIONS = DEBUG;
				SWIFT_OPTIMIZATION_LEVEL = "-Onone";
			};
			name = Debug;
		};
		3DDF12C221330B5E00E15B36 /* Release */ = {
			isa = XCBuildConfiguration;
			buildSettings = {
				ALWAYS_SEARCH_USER_PATHS = NO;
				CLANG_ANALYZER_NONNULL = YES;
				CLANG_ANALYZER_NUMBER_OBJECT_CONVERSION = YES_AGGRESSIVE;
				CLANG_CXX_LANGUAGE_STANDARD = "gnu++14";
				CLANG_CXX_LIBRARY = "libc++";
				CLANG_ENABLE_MODULES = YES;
				CLANG_ENABLE_OBJC_ARC = YES;
				CLANG_ENABLE_OBJC_WEAK = YES;
				CLANG_WARN_BLOCK_CAPTURE_AUTORELEASING = YES;
				CLANG_WARN_BOOL_CONVERSION = YES;
				CLANG_WARN_COMMA = YES;
				CLANG_WARN_CONSTANT_CONVERSION = YES;
				CLANG_WARN_DEPRECATED_OBJC_IMPLEMENTATIONS = YES;
				CLANG_WARN_DIRECT_OBJC_ISA_USAGE = YES_ERROR;
				CLANG_WARN_DOCUMENTATION_COMMENTS = YES;
				CLANG_WARN_EMPTY_BODY = YES;
				CLANG_WARN_ENUM_CONVERSION = YES;
				CLANG_WARN_INFINITE_RECURSION = YES;
				CLANG_WARN_INT_CONVERSION = YES;
				CLANG_WARN_NON_LITERAL_NULL_CONVERSION = YES;
				CLANG_WARN_OBJC_IMPLICIT_RETAIN_SELF = YES;
				CLANG_WARN_OBJC_LITERAL_CONVERSION = YES;
				CLANG_WARN_OBJC_ROOT_CLASS = YES_ERROR;
				CLANG_WARN_RANGE_LOOP_ANALYSIS = YES;
				CLANG_WARN_STRICT_PROTOTYPES = YES;
				CLANG_WARN_SUSPICIOUS_MOVE = YES;
				CLANG_WARN_UNGUARDED_AVAILABILITY = YES_AGGRESSIVE;
				CLANG_WARN_UNREACHABLE_CODE = YES;
				CLANG_WARN__DUPLICATE_METHOD_MATCH = YES;
				CODE_SIGN_IDENTITY = "iPhone Developer";
				COPY_PHASE_STRIP = NO;
				DEBUG_INFORMATION_FORMAT = "dwarf-with-dsym";
				ENABLE_NS_ASSERTIONS = NO;
				ENABLE_STRICT_OBJC_MSGSEND = YES;
				GCC_C_LANGUAGE_STANDARD = gnu11;
				GCC_NO_COMMON_BLOCKS = YES;
				GCC_WARN_64_TO_32_BIT_CONVERSION = YES;
				GCC_WARN_ABOUT_RETURN_TYPE = YES_ERROR;
				GCC_WARN_UNDECLARED_SELECTOR = YES;
				GCC_WARN_UNINITIALIZED_AUTOS = YES_AGGRESSIVE;
				GCC_WARN_UNUSED_FUNCTION = YES;
				GCC_WARN_UNUSED_VARIABLE = YES;
				IPHONEOS_DEPLOYMENT_TARGET = 11.4;
				MTL_ENABLE_DEBUG_INFO = NO;
				SDKROOT = iphoneos;
				SWIFT_COMPILATION_MODE = wholemodule;
				SWIFT_OPTIMIZATION_LEVEL = "-O";
				VALIDATE_PRODUCT = YES;
			};
			name = Release;
		};
		3DDF12C421330B5E00E15B36 /* Debug */ = {
			isa = XCBuildConfiguration;
			baseConfigurationReference = BA3CE82D2572817A7F35F7CF /* Pods-sample.debug.xcconfig */;
			buildSettings = {
				ASSETCATALOG_COMPILER_APPICON_NAME = AppIcon;
				CODE_SIGN_STYLE = Automatic;
				DEVELOPMENT_TEAM = QG8KA4P8TE;
				INFOPLIST_FILE = sample/Info.plist;
				LD_RUNPATH_SEARCH_PATHS = (
					"$(inherited)",
					"@executable_path/Frameworks",
				);
				PRODUCT_BUNDLE_IDENTIFIER = com.qiscusdev.sample;
				PRODUCT_NAME = "$(TARGET_NAME)";
				SWIFT_VERSION = 4.0;
				TARGETED_DEVICE_FAMILY = "1,2";
			};
			name = Debug;
		};
		3DDF12C521330B5E00E15B36 /* Release */ = {
			isa = XCBuildConfiguration;
			baseConfigurationReference = 5FDDCFEA0AD387BA1D412DF2 /* Pods-sample.release.xcconfig */;
			buildSettings = {
				ASSETCATALOG_COMPILER_APPICON_NAME = AppIcon;
				CODE_SIGN_STYLE = Automatic;
				DEVELOPMENT_TEAM = QG8KA4P8TE;
				INFOPLIST_FILE = sample/Info.plist;
				LD_RUNPATH_SEARCH_PATHS = (
					"$(inherited)",
					"@executable_path/Frameworks",
				);
				PRODUCT_BUNDLE_IDENTIFIER = com.qiscusdev.sample;
				PRODUCT_NAME = "$(TARGET_NAME)";
				SWIFT_VERSION = 4.0;
				TARGETED_DEVICE_FAMILY = "1,2";
			};
			name = Release;
		};
/* End XCBuildConfiguration section */

/* Begin XCConfigurationList section */
		3DDF12AC21330B5900E15B36 /* Build configuration list for PBXProject "sample" */ = {
			isa = XCConfigurationList;
			buildConfigurations = (
				3DDF12C121330B5E00E15B36 /* Debug */,
				3DDF12C221330B5E00E15B36 /* Release */,
			);
			defaultConfigurationIsVisible = 0;
			defaultConfigurationName = Release;
		};
		3DDF12C321330B5E00E15B36 /* Build configuration list for PBXNativeTarget "sample" */ = {
			isa = XCConfigurationList;
			buildConfigurations = (
				3DDF12C421330B5E00E15B36 /* Debug */,
				3DDF12C521330B5E00E15B36 /* Release */,
			);
			defaultConfigurationIsVisible = 0;
			defaultConfigurationName = Release;
		};
/* End XCConfigurationList section */
	};
	rootObject = 3DDF12A921330B5900E15B36 /* Project object */;
}
